
Microsoft Visual Studio Solution File, Format Version 12.00
# Visual Studio Version 17
VisualStudioVersion = 17.11.35327.3
MinimumVisualStudioVersion = 10.0.40219.1
Project("{FAE04EC0-301F-11D3-BF4B-00C04F79EFBC}") = "Calabonga.Blazor.AppDefinitions", "Calabonga.Blazor.AppDefinitions\Calabonga.Blazor.AppDefinitions.csproj", "{9C699FBD-146C-4E6C-B8AD-AB6A4F24927C}"
EndProject
Global
	GlobalSection(SolutionConfigurationPlatforms) = preSolution
		Debug|Any CPU = Debug|Any CPU
		Release|Any CPU = Release|Any CPU
	EndGlobalSection
	GlobalSection(ProjectConfigurationPlatforms) = postSolution
		{9C699FBD-146C-4E6C-B8AD-AB6A4F24927C}.Debug|Any CPU.ActiveCfg = Debug|Any CPU
		{9C699FBD-146C-4E6C-B8AD-AB6A4F24927C}.Debug|Any CPU.Build.0 = Debug|Any CPU
		{9C699FBD-146C-4E6C-B8AD-AB6A4F24927C}.Release|Any CPU.ActiveCfg = Release|Any CPU
		{9C699FBD-146C-4E6C-B8AD-AB6A4F24927C}.Release|Any CPU.Build.0 = Release|Any CPU
	EndGlobalSection
	GlobalSection(SolutionProperties) = preSolution
		HideSolutionNode = FALSE
	EndGlobalSection
	GlobalSection(ExtensibilityGlobals) = postSolution
		SolutionGuid = {433CCBA3-58C1-45C4-BEA4-BDA73486D38A}
	EndGlobalSection
EndGlobal
